// !$*UTF8*$!
{
	archiveVersion = 1;
	classes = {
	};
	objectVersion = 46;
	objects = {

/* Begin PBXBuildFile section */
		12A8C2401A4CA3D0004A7966 /* AppDelegate.swift in Sources */ = {isa = PBXBuildFile; fileRef = 12A8C23F1A4CA3D0004A7966 /* AppDelegate.swift */; };
		12A8C2431A4CA3D0004A7966 /* BoardSports_iOS.xcdatamodeld in Sources */ = {isa = PBXBuildFile; fileRef = 12A8C2411A4CA3D0004A7966 /* BoardSports_iOS.xcdatamodeld */; };
		12A8C2451A4CA3D0004A7966 /* ViewController.swift in Sources */ = {isa = PBXBuildFile; fileRef = 12A8C2441A4CA3D0004A7966 /* ViewController.swift */; };
		12A8C2481A4CA3D0004A7966 /* Main.storyboard in Resources */ = {isa = PBXBuildFile; fileRef = 12A8C2461A4CA3D0004A7966 /* Main.storyboard */; };
		12A8C24A1A4CA3D0004A7966 /* Images.xcassets in Resources */ = {isa = PBXBuildFile; fileRef = 12A8C2491A4CA3D0004A7966 /* Images.xcassets */; };
		12A8C24D1A4CA3D0004A7966 /* LaunchScreen.xib in Resources */ = {isa = PBXBuildFile; fileRef = 12A8C24B1A4CA3D0004A7966 /* LaunchScreen.xib */; };
		12A8C2591A4CA3D0004A7966 /* BoardSports_iOSTests.swift in Sources */ = {isa = PBXBuildFile; fileRef = 12A8C2581A4CA3D0004A7966 /* BoardSports_iOSTests.swift */; };
/* End PBXBuildFile section */

/* Begin PBXContainerItemProxy section */
		12A8C2531A4CA3D0004A7966 /* PBXContainerItemProxy */ = {
			isa = PBXContainerItemProxy;
			containerPortal = 12A8C2321A4CA3D0004A7966 /* Project object */;
			proxyType = 1;
			remoteGlobalIDString = 12A8C2391A4CA3D0004A7966;
			remoteInfo = "BoardSports-iOS";
		};
/* End PBXContainerItemProxy section */

/* Begin PBXFileReference section */
		12A8C23A1A4CA3D0004A7966 /* BoardSports-iOS.app */ = {isa = PBXFileReference; explicitFileType = wrapper.application; includeInIndex = 0; path = "BoardSports-iOS.app"; sourceTree = BUILT_PRODUCTS_DIR; };
		12A8C23E1A4CA3D0004A7966 /* Info.plist */ = {isa = PBXFileReference; lastKnownFileType = text.plist.xml; path = Info.plist; sourceTree = "<group>"; };
		12A8C23F1A4CA3D0004A7966 /* AppDelegate.swift */ = {isa = PBXFileReference; lastKnownFileType = sourcecode.swift; path = AppDelegate.swift; sourceTree = "<group>"; };
		12A8C2421A4CA3D0004A7966 /* BoardSports_iOS.xcdatamodel */ = {isa = PBXFileReference; lastKnownFileType = wrapper.xcdatamodel; path = BoardSports_iOS.xcdatamodel; sourceTree = "<group>"; };
		12A8C2441A4CA3D0004A7966 /* ViewController.swift */ = {isa = PBXFileReference; lastKnownFileType = sourcecode.swift; path = ViewController.swift; sourceTree = "<group>"; };
		12A8C2471A4CA3D0004A7966 /* Base */ = {isa = PBXFileReference; lastKnownFileType = file.storyboard; name = Base; path = Base.lproj/Main.storyboard; sourceTree = "<group>"; };
		12A8C2491A4CA3D0004A7966 /* Images.xcassets */ = {isa = PBXFileReference; lastKnownFileType = folder.assetcatalog; path = Images.xcassets; sourceTree = "<group>"; };
		12A8C24C1A4CA3D0004A7966 /* Base */ = {isa = PBXFileReference; lastKnownFileType = file.xib; name = Base; path = Base.lproj/LaunchScreen.xib; sourceTree = "<group>"; };
		12A8C2521A4CA3D0004A7966 /* BoardSports-iOSTests.xctest */ = {isa = PBXFileReference; explicitFileType = wrapper.cfbundle; includeInIndex = 0; path = "BoardSports-iOSTests.xctest"; sourceTree = BUILT_PRODUCTS_DIR; };
		12A8C2571A4CA3D0004A7966 /* Info.plist */ = {isa = PBXFileReference; lastKnownFileType = text.plist.xml; path = Info.plist; sourceTree = "<group>"; };
		12A8C2581A4CA3D0004A7966 /* BoardSports_iOSTests.swift */ = {isa = PBXFileReference; lastKnownFileType = sourcecode.swift; path = BoardSports_iOSTests.swift; sourceTree = "<group>"; };
/* End PBXFileReference section */

/* Begin PBXFrameworksBuildPhase section */
		12A8C2371A4CA3D0004A7966 /* Frameworks */ = {
			isa = PBXFrameworksBuildPhase;
			buildActionMask = 2147483647;
			files = (
			);
			runOnlyForDeploymentPostprocessing = 0;
		};
		12A8C24F1A4CA3D0004A7966 /* Frameworks */ = {
			isa = PBXFrameworksBuildPhase;
			buildActionMask = 2147483647;
			files = (
			);
			runOnlyForDeploymentPostprocessing = 0;
		};
/* End PBXFrameworksBuildPhase section */

/* Begin PBXGroup section */
		12A8C2311A4CA3D0004A7966 = {
			isa = PBXGroup;
			children = (
				12A8C23C1A4CA3D0004A7966 /* BoardSports-iOS */,
				12A8C2551A4CA3D0004A7966 /* BoardSports-iOSTests */,
				12A8C23B1A4CA3D0004A7966 /* Products */,
			);
			sourceTree = "<group>";
		};
		12A8C23B1A4CA3D0004A7966 /* Products */ = {
			isa = PBXGroup;
			children = (
				12A8C23A1A4CA3D0004A7966 /* BoardSports-iOS.app */,
				12A8C2521A4CA3D0004A7966 /* BoardSports-iOSTests.xctest */,
			);
			name = Products;
			sourceTree = "<group>";
		};
		12A8C23C1A4CA3D0004A7966 /* BoardSports-iOS */ = {
			isa = PBXGroup;
			children = (
				12A8C23F1A4CA3D0004A7966 /* AppDelegate.swift */,
				12A8C2441A4CA3D0004A7966 /* ViewController.swift */,
				12A8C2461A4CA3D0004A7966 /* Main.storyboard */,
				12A8C2491A4CA3D0004A7966 /* Images.xcassets */,
				12A8C24B1A4CA3D0004A7966 /* LaunchScreen.xib */,
				12A8C2411A4CA3D0004A7966 /* BoardSports_iOS.xcdatamodeld */,
				12A8C23D1A4CA3D0004A7966 /* Supporting Files */,
			);
			path = "BoardSports-iOS";
			sourceTree = "<group>";
		};
		12A8C23D1A4CA3D0004A7966 /* Supporting Files */ = {
			isa = PBXGroup;
			children = (
				12A8C23E1A4CA3D0004A7966 /* Info.plist */,
			);
			name = "Supporting Files";
			sourceTree = "<group>";
		};
		12A8C2551A4CA3D0004A7966 /* BoardSports-iOSTests */ = {
			isa = PBXGroup;
			children = (
				12A8C2581A4CA3D0004A7966 /* BoardSports_iOSTests.swift */,
				12A8C2561A4CA3D0004A7966 /* Supporting Files */,
			);
			path = "BoardSports-iOSTests";
			sourceTree = "<group>";
		};
		12A8C2561A4CA3D0004A7966 /* Supporting Files */ = {
			isa = PBXGroup;
			children = (
				12A8C2571A4CA3D0004A7966 /* Info.plist */,
			);
			name = "Supporting Files";
			sourceTree = "<group>";
		};
/* End PBXGroup section */

/* Begin PBXNativeTarget section */
		12A8C2391A4CA3D0004A7966 /* BoardSports-iOS */ = {
			isa = PBXNativeTarget;
			buildConfigurationList = 12A8C25C1A4CA3D0004A7966 /* Build configuration list for PBXNativeTarget "BoardSports-iOS" */;
			buildPhases = (
				12A8C2361A4CA3D0004A7966 /* Sources */,
				12A8C2371A4CA3D0004A7966 /* Frameworks */,
				12A8C2381A4CA3D0004A7966 /* Resources */,
			);
			buildRules = (
			);
			dependencies = (
			);
			name = "BoardSports-iOS";
			productName = "BoardSports-iOS";
			productReference = 12A8C23A1A4CA3D0004A7966 /* BoardSports-iOS.app */;
			productType = "com.apple.product-type.application";
		};
		12A8C2511A4CA3D0004A7966 /* BoardSports-iOSTests */ = {
			isa = PBXNativeTarget;
			buildConfigurationList = 12A8C25F1A4CA3D0004A7966 /* Build configuration list for PBXNativeTarget "BoardSports-iOSTests" */;
			buildPhases = (
				12A8C24E1A4CA3D0004A7966 /* Sources */,
				12A8C24F1A4CA3D0004A7966 /* Frameworks */,
				12A8C2501A4CA3D0004A7966 /* Resources */,
			);
			buildRules = (
			);
			dependencies = (
				12A8C2541A4CA3D0004A7966 /* PBXTargetDependency */,
			);
			name = "BoardSports-iOSTests";
			productName = "BoardSports-iOSTests";
			productReference = 12A8C2521A4CA3D0004A7966 /* BoardSports-iOSTests.xctest */;
			productType = "com.apple.product-type.bundle.unit-test";
		};
/* End PBXNativeTarget section */

/* Begin PBXProject section */
		12A8C2321A4CA3D0004A7966 /* Project object */ = {
			isa = PBXProject;
			attributes = {
				LastUpgradeCheck = 0610;
				ORGANIZATIONNAME = "Baskin Tapkan";
				TargetAttributes = {
					12A8C2391A4CA3D0004A7966 = {
						CreatedOnToolsVersion = 6.1.1;
					};
					12A8C2511A4CA3D0004A7966 = {
						CreatedOnToolsVersion = 6.1.1;
						TestTargetID = 12A8C2391A4CA3D0004A7966;
					};
				};
			};
			buildConfigurationList = 12A8C2351A4CA3D0004A7966 /* Build configuration list for PBXProject "BoardSports-iOS" */;
			compatibilityVersion = "Xcode 3.2";
			developmentRegion = English;
			hasScannedForEncodings = 0;
			knownRegions = (
				en,
				Base,
			);
			mainGroup = 12A8C2311A4CA3D0004A7966;
			productRefGroup = 12A8C23B1A4CA3D0004A7966 /* Products */;
			projectDirPath = "";
			projectRoot = "";
			targets = (
				12A8C2391A4CA3D0004A7966 /* BoardSports-iOS */,
				12A8C2511A4CA3D0004A7966 /* BoardSports-iOSTests */,
			);
		};
/* End PBXProject section */

/* Begin PBXResourcesBuildPhase section */
		12A8C2381A4CA3D0004A7966 /* Resources */ = {
			isa = PBXResourcesBuildPhase;
			buildActionMask = 2147483647;
			files = (
				12A8C2481A4CA3D0004A7966 /* Main.storyboard in Resources */,
				12A8C24D1A4CA3D0004A7966 /* LaunchScreen.xib in Resources */,
				12A8C24A1A4CA3D0004A7966 /* Images.xcassets in Resources */,
			);
			runOnlyForDeploymentPostprocessing = 0;
		};
		12A8C2501A4CA3D0004A7966 /* Resources */ = {
			isa = PBXResourcesBuildPhase;
			buildActionMask = 2147483647;
			files = (
			);
			runOnlyForDeploymentPostprocessing = 0;
		};
/* End PBXResourcesBuildPhase section */

/* Begin PBXSourcesBuildPhase section */
		12A8C2361A4CA3D0004A7966 /* Sources */ = {
			isa = PBXSourcesBuildPhase;
			buildActionMask = 2147483647;
			files = (
				12A8C2451A4CA3D0004A7966 /* ViewController.swift in Sources */,
				12A8C2401A4CA3D0004A7966 /* AppDelegate.swift in Sources */,
				12A8C2431A4CA3D0004A7966 /* BoardSports_iOS.xcdatamodeld in Sources */,
			);
			runOnlyForDeploymentPostprocessing = 0;
		};
		12A8C24E1A4CA3D0004A7966 /* Sources */ = {
			isa = PBXSourcesBuildPhase;
			buildActionMask = 2147483647;
			files = (
				12A8C2591A4CA3D0004A7966 /* BoardSports_iOSTests.swift in Sources */,
			);
			runOnlyForDeploymentPostprocessing = 0;
		};
/* End PBXSourcesBuildPhase section */

/* Begin PBXTargetDependency section */
		12A8C2541A4CA3D0004A7966 /* PBXTargetDependency */ = {
			isa = PBXTargetDependency;
			target = 12A8C2391A4CA3D0004A7966 /* BoardSports-iOS */;
			targetProxy = 12A8C2531A4CA3D0004A7966 /* PBXContainerItemProxy */;
		};
/* End PBXTargetDependency section */

/* Begin PBXVariantGroup section */
		12A8C2461A4CA3D0004A7966 /* Main.storyboard */ = {
			isa = PBXVariantGroup;
			children = (
				12A8C2471A4CA3D0004A7966 /* Base */,
			);
			name = Main.storyboard;
			sourceTree = "<group>";
		};
		12A8C24B1A4CA3D0004A7966 /* LaunchScreen.xib */ = {
			isa = PBXVariantGroup;
			children = (
				12A8C24C1A4CA3D0004A7966 /* Base */,
			);
			name = LaunchScreen.xib;
			sourceTree = "<group>";
		};
/* End PBXVariantGroup section */

/* Begin XCBuildConfiguration section */
		12A8C25A1A4CA3D0004A7966 /* Debug */ = {
			isa = XCBuildConfiguration;
			buildSettings = {
				ALWAYS_SEARCH_USER_PATHS = NO;
				CLANG_CXX_LANGUAGE_STANDARD = "gnu++0x";
				CLANG_CXX_LIBRARY = "libc++";
				CLANG_ENABLE_MODULES = YES;
				CLANG_ENABLE_OBJC_ARC = YES;
				CLANG_WARN_BOOL_CONVERSION = YES;
				CLANG_WARN_CONSTANT_CONVERSION = YES;
				CLANG_WARN_DIRECT_OBJC_ISA_USAGE = YES_ERROR;
				CLANG_WARN_EMPTY_BODY = YES;
				CLANG_WARN_ENUM_CONVERSION = YES;
				CLANG_WARN_INT_CONVERSION = YES;
				CLANG_WARN_OBJC_ROOT_CLASS = YES_ERROR;
				CLANG_WARN_UNREACHABLE_CODE = YES;
				CLANG_WARN__DUPLICATE_METHOD_MATCH = YES;
				"CODE_SIGN_IDENTITY[sdk=iphoneos*]" = "iPhone Developer";
				COPY_PHASE_STRIP = NO;
				ENABLE_STRICT_OBJC_MSGSEND = YES;
				GCC_C_LANGUAGE_STANDARD = gnu99;
				GCC_DYNAMIC_NO_PIC = NO;
				GCC_OPTIMIZATION_LEVEL = 0;
				GCC_PREPROCESSOR_DEFINITIONS = (
					"DEBUG=1",
					"$(inherited)",
				);
				GCC_SYMBOLS_PRIVATE_EXTERN = NO;
				GCC_WARN_64_TO_32_BIT_CONVERSION = YES;
				GCC_WARN_ABOUT_RETURN_TYPE = YES_ERROR;
				GCC_WARN_UNDECLARED_SELECTOR = YES;
				GCC_WARN_UNINITIALIZED_AUTOS = YES_AGGRESSIVE;
				GCC_WARN_UNUSED_FUNCTION = YES;
				GCC_WARN_UNUSED_VARIABLE = YES;
				IPHONEOS_DEPLOYMENT_TARGET = 8.1;
				MTL_ENABLE_DEBUG_INFO = YES;
				ONLY_ACTIVE_ARCH = YES;
				SDKROOT = iphoneos;
				SWIFT_OPTIMIZATION_LEVEL = "-Onone";
				TARGETED_DEVICE_FAMILY = "1,2";
			};
			name = Debug;
		};
		12A8C25B1A4CA3D0004A7966 /* Release */ = {
			isa = XCBuildConfiguration;
			buildSettings = {
				ALWAYS_SEARCH_USER_PATHS = NO;
				CLANG_CXX_LANGUAGE_STANDARD = "gnu++0x";
				CLANG_CXX_LIBRARY = "libc++";
				CLANG_ENABLE_MODULES = YES;
				CLANG_ENABLE_OBJC_ARC = YES;
				CLANG_WARN_BOOL_CONVERSION = YES;
				CLANG_WARN_CONSTANT_CONVERSION = YES;
				CLANG_WARN_DIRECT_OBJC_ISA_USAGE = YES_ERROR;
				CLANG_WARN_EMPTY_BODY = YES;
				CLANG_WARN_ENUM_CONVERSION = YES;
				CLANG_WARN_INT_CONVERSION = YES;
				CLANG_WARN_OBJC_ROOT_CLASS = YES_ERROR;
				CLANG_WARN_UNREACHABLE_CODE = YES;
				CLANG_WARN__DUPLICATE_METHOD_MATCH = YES;
				"CODE_SIGN_IDENTITY[sdk=iphoneos*]" = "iPhone Developer";
				COPY_PHASE_STRIP = YES;
				ENABLE_NS_ASSERTIONS = NO;
				ENABLE_STRICT_OBJC_MSGSEND = YES;
				GCC_C_LANGUAGE_STANDARD = gnu99;
				GCC_WARN_64_TO_32_BIT_CONVERSION = YES;
				GCC_WARN_ABOUT_RETURN_TYPE = YES_ERROR;
				GCC_WARN_UNDECLARED_SELECTOR = YES;
				GCC_WARN_UNINITIALIZED_AUTOS = YES_AGGRESSIVE;
				GCC_WARN_UNUSED_FUNCTION = YES;
				GCC_WARN_UNUSED_VARIABLE = YES;
				IPHONEOS_DEPLOYMENT_TARGET = 8.1;
				MTL_ENABLE_DEBUG_INFO = NO;
				SDKROOT = iphoneos;
				TARGETED_DEVICE_FAMILY = "1,2";
				VALIDATE_PRODUCT = YES;
			};
			name = Release;
		};
		12A8C25D1A4CA3D0004A7966 /* Debug */ = {
			isa = XCBuildConfiguration;
			buildSettings = {
				ASSETCATALOG_COMPILER_APPICON_NAME = AppIcon;
				INFOPLIST_FILE = "BoardSports-iOS/Info.plist";
				LD_RUNPATH_SEARCH_PATHS = "$(inherited) @executable_path/Frameworks";
				PRODUCT_NAME = "$(TARGET_NAME)";
			};
			name = Debug;
		};
		12A8C25E1A4CA3D0004A7966 /* Release */ = {
			isa = XCBuildConfiguration;
			buildSettings = {
				ASSETCATALOG_COMPILER_APPICON_NAME = AppIcon;
				INFOPLIST_FILE = "BoardSports-iOS/Info.plist";
				LD_RUNPATH_SEARCH_PATHS = "$(inherited) @executable_path/Frameworks";
				PRODUCT_NAME = "$(TARGET_NAME)";
			};
			name = Release;
		};
		12A8C2601A4CA3D0004A7966 /* Debug */ = {
			isa = XCBuildConfiguration;
			buildSettings = {
				BUNDLE_LOADER = "$(TEST_HOST)";
				FRAMEWORK_SEARCH_PATHS = (
					"$(SDKROOT)/Developer/Library/Frameworks",
					"$(inherited)",
				);
				GCC_PREPROCESSOR_DEFINITIONS = (
					"DEBUG=1",
					"$(inherited)",
				);
				INFOPLIST_FILE = "BoardSports-iOSTests/Info.plist";
				LD_RUNPATH_SEARCH_PATHS = "$(inherited) @executable_path/Frameworks @loader_path/Frameworks";
				PRODUCT_NAME = "$(TARGET_NAME)";
				TEST_HOST = "$(BUILT_PRODUCTS_DIR)/BoardSports-iOS.app/BoardSports-iOS";
			};
			name = Debug;
		};
		12A8C2611A4CA3D0004A7966 /* Release */ = {
			isa = XCBuildConfiguration;
			buildSettings = {
				BUNDLE_LOADER = "$(TEST_HOST)";
				FRAMEWORK_SEARCH_PATHS = (
					"$(SDKROOT)/Developer/Library/Frameworks",
					"$(inherited)",
				);
				INFOPLIST_FILE = "BoardSports-iOSTests/Info.plist";
				LD_RUNPATH_SEARCH_PATHS = "$(inherited) @executable_path/Frameworks @loader_path/Frameworks";
				PRODUCT_NAME = "$(TARGET_NAME)";
				TEST_HOST = "$(BUILT_PRODUCTS_DIR)/BoardSports-iOS.app/BoardSports-iOS";
			};
			name = Release;
		};
/* End XCBuildConfiguration section */

/* Begin XCConfigurationList section */
		12A8C2351A4CA3D0004A7966 /* Build configuration list for PBXProject "BoardSports-iOS" */ = {
			isa = XCConfigurationList;
			buildConfigurations = (
				12A8C25A1A4CA3D0004A7966 /* Debug */,
				12A8C25B1A4CA3D0004A7966 /* Release */,
			);
			defaultConfigurationIsVisible = 0;
			defaultConfigurationName = Release;
		};
		12A8C25C1A4CA3D0004A7966 /* Build configuration list for PBXNativeTarget "BoardSports-iOS" */ = {
			isa = XCConfigurationList;
			buildConfigurations = (
				12A8C25D1A4CA3D0004A7966 /* Debug */,
				12A8C25E1A4CA3D0004A7966 /* Release */,
			);
			defaultConfigurationIsVisible = 0;
		};
		12A8C25F1A4CA3D0004A7966 /* Build configuration list for PBXNativeTarget "BoardSports-iOSTests" */ = {
			isa = XCConfigurationList;
			buildConfigurations = (
				12A8C2601A4CA3D0004A7966 /* Debug */,
				12A8C2611A4CA3D0004A7966 /* Release */,
			);
			defaultConfigurationIsVisible = 0;
		};
/* End XCConfigurationList section */

/* Begin XCVersionGroup section */
		12A8C2411A4CA3D0004A7966 /* BoardSports_iOS.xcdatamodeld */ = {
			isa = XCVersionGroup;
			children = (
				12A8C2421A4CA3D0004A7966 /* BoardSports_iOS.xcdatamodel */,
			);
			currentVersion = 12A8C2421A4CA3D0004A7966 /* BoardSports_iOS.xcdatamodel */;
			path = BoardSports_iOS.xcdatamodeld;
			sourceTree = "<group>";
			versionGroupType = wrapper.xcdatamodel;
		};
/* End XCVersionGroup section */
	};
	rootObject = 12A8C2321A4CA3D0004A7966 /* Project object */;
}
